
Microsoft Visual Studio Solution File, Format Version 12.00
# Visual Studio 15
VisualStudioVersion = 15.0.28307.136
MinimumVisualStudioVersion = 10.0.40219.1
Project("{FAE04EC0-301F-11D3-BF4B-00C04F79EFBC}") = "BilletLibrary", "BilletLibrary\BilletLibrary.csproj", "{D9EFE41F-303D-471B-8FAF-A6285CC2AE77}"
EndProject
Project("{FAE04EC0-301F-11D3-BF4B-00C04F79EFBC}") = "UnitTestBil", "UnitTestBil\UnitTestBil.csproj", "{F7001BFE-C0B2-4BBA-AF02-1FCC58C017D8}"
EndProject
Project("{FAE04EC0-301F-11D3-BF4B-00C04F79EFBC}") = "UnitTestMC", "UnitTestMC\UnitTestMC.csproj", "{8D211410-E073-4C28-A2A9-47F85BED2BD0}"
EndProject
Global
	GlobalSection(SolutionConfigurationPlatforms) = preSolution
		Debug|Any CPU = Debug|Any CPU
		Release|Any CPU = Release|Any CPU
	EndGlobalSection
	GlobalSection(ProjectConfigurationPlatforms) = postSolution
		{D9EFE41F-303D-471B-8FAF-A6285CC2AE77}.Debug|Any CPU.ActiveCfg = Debug|Any CPU
		{D9EFE41F-303D-471B-8FAF-A6285CC2AE77}.Debug|Any CPU.Build.0 = Debug|Any CPU
		{D9EFE41F-303D-471B-8FAF-A6285CC2AE77}.Release|Any CPU.ActiveCfg = Release|Any CPU
		{D9EFE41F-303D-471B-8FAF-A6285CC2AE77}.Release|Any CPU.Build.0 = Release|Any CPU
		{F7001BFE-C0B2-4BBA-AF02-1FCC58C017D8}.Debug|Any CPU.ActiveCfg = Debug|Any CPU
		{F7001BFE-C0B2-4BBA-AF02-1FCC58C017D8}.Debug|Any CPU.Build.0 = Debug|Any CPU
		{F7001BFE-C0B2-4BBA-AF02-1FCC58C017D8}.Release|Any CPU.ActiveCfg = Release|Any CPU
		{F7001BFE-C0B2-4BBA-AF02-1FCC58C017D8}.Release|Any CPU.Build.0 = Release|Any CPU
		{8D211410-E073-4C28-A2A9-47F85BED2BD0}.Debug|Any CPU.ActiveCfg = Debug|Any CPU
		{8D211410-E073-4C28-A2A9-47F85BED2BD0}.Debug|Any CPU.Build.0 = Debug|Any CPU
		{8D211410-E073-4C28-A2A9-47F85BED2BD0}.Release|Any CPU.ActiveCfg = Release|Any CPU
		{8D211410-E073-4C28-A2A9-47F85BED2BD0}.Release|Any CPU.Build.0 = Release|Any CPU
	EndGlobalSection
	GlobalSection(SolutionProperties) = preSolution
		HideSolutionNode = FALSE
	EndGlobalSection
	GlobalSection(ExtensibilityGlobals) = postSolution
		SolutionGuid = {5036EF51-66B0-437B-89A4-EAD10FC31CC8}
	EndGlobalSection
EndGlobal
